
Microsoft Visual Studio Solution File, Format Version 12.00
# Visual Studio Version 17
VisualStudioVersion = 17.6.33712.159
MinimumVisualStudioVersion = 10.0.40219.1
Project("{2150E333-8FDC-42A3-9474-1A3956D46DE8}") = "CapaBase", "CapaBase", "{7DB5986F-FEE6-4783-B7D8-BD0B65C24EEE}"
EndProject
Project("{2150E333-8FDC-42A3-9474-1A3956D46DE8}") = "Hardware", "Hardware", "{E7AE4FE6-3334-40AD-B49F-52BBE7283719}"
EndProject
Project("{2150E333-8FDC-42A3-9474-1A3956D46DE8}") = "Movil", "Movil", "{820BDC0E-63AE-4993-80E6-BE747E6DF337}"
EndProject
Project("{2150E333-8FDC-42A3-9474-1A3956D46DE8}") = "Web", "Web", "{52E01AA8-2AB2-4CF8-985F-636897D24A66}"
EndProject
Project("{9A19103F-16F7-4668-BE54-9A1E7A4F7556}") = "COMMON", "COMMON\COMMON.csproj", "{A5182D39-BCD9-4858-B6C9-0D129C60624F}"
EndProject
Project("{FAE04EC0-301F-11D3-BF4B-00C04F79EFBC}") = "DAL.Mongo", "DAL.Mongo\DAL.Mongo.csproj", "{4735B1E6-602F-475C-9564-18FAA91B50B8}"
EndProject
Project("{FAE04EC0-301F-11D3-BF4B-00C04F79EFBC}") = "WebAPI", "WebAPI\WebAPI.csproj", "{F73EDDCD-6D66-4C1E-A589-B7709EA17101}"
EndProject
Global
	GlobalSection(SolutionConfigurationPlatforms) = preSolution
		Debug|Any CPU = Debug|Any CPU
		Release|Any CPU = Release|Any CPU
	EndGlobalSection
	GlobalSection(ProjectConfigurationPlatforms) = postSolution
		{A5182D39-BCD9-4858-B6C9-0D129C60624F}.Debug|Any CPU.ActiveCfg = Debug|Any CPU
		{A5182D39-BCD9-4858-B6C9-0D129C60624F}.Debug|Any CPU.Build.0 = Debug|Any CPU
		{A5182D39-BCD9-4858-B6C9-0D129C60624F}.Release|Any CPU.ActiveCfg = Release|Any CPU
		{A5182D39-BCD9-4858-B6C9-0D129C60624F}.Release|Any CPU.Build.0 = Release|Any CPU
		{4735B1E6-602F-475C-9564-18FAA91B50B8}.Debug|Any CPU.ActiveCfg = Debug|Any CPU
		{4735B1E6-602F-475C-9564-18FAA91B50B8}.Debug|Any CPU.Build.0 = Debug|Any CPU
		{4735B1E6-602F-475C-9564-18FAA91B50B8}.Release|Any CPU.ActiveCfg = Release|Any CPU
		{4735B1E6-602F-475C-9564-18FAA91B50B8}.Release|Any CPU.Build.0 = Release|Any CPU
		{F73EDDCD-6D66-4C1E-A589-B7709EA17101}.Debug|Any CPU.ActiveCfg = Debug|Any CPU
		{F73EDDCD-6D66-4C1E-A589-B7709EA17101}.Debug|Any CPU.Build.0 = Debug|Any CPU
		{F73EDDCD-6D66-4C1E-A589-B7709EA17101}.Release|Any CPU.ActiveCfg = Release|Any CPU
		{F73EDDCD-6D66-4C1E-A589-B7709EA17101}.Release|Any CPU.Build.0 = Release|Any CPU
	EndGlobalSection
	GlobalSection(SolutionProperties) = preSolution
		HideSolutionNode = FALSE
	EndGlobalSection
	GlobalSection(NestedProjects) = preSolution
		{A5182D39-BCD9-4858-B6C9-0D129C60624F} = {7DB5986F-FEE6-4783-B7D8-BD0B65C24EEE}
		{4735B1E6-602F-475C-9564-18FAA91B50B8} = {7DB5986F-FEE6-4783-B7D8-BD0B65C24EEE}
		{F73EDDCD-6D66-4C1E-A589-B7709EA17101} = {52E01AA8-2AB2-4CF8-985F-636897D24A66}
	EndGlobalSection
	GlobalSection(ExtensibilityGlobals) = postSolution
		SolutionGuid = {7E9B450A-54FC-43AC-B99F-3CAEA3322920}
	EndGlobalSection
EndGlobal
